// !$*UTF8*$!
{
	archiveVersion = 1;
	classes = {
	};
	objectVersion = 52;
	objects = {

/* Begin PBXBuildFile section */
		F513249226BA7B81006CCD0E /* pagesView.swift in Sources */ = {isa = PBXBuildFile; fileRef = F513249126BA7B81006CCD0E /* pagesView.swift */; };
		F54D1AF226B808AF00C56A19 /* homeViewController.swift in Sources */ = {isa = PBXBuildFile; fileRef = F54D1AF126B808AF00C56A19 /* homeViewController.swift */; };
		F54D1AFB26B80CC900C56A19 /* detailsViewController.swift in Sources */ = {isa = PBXBuildFile; fileRef = F54D1AF926B80CC900C56A19 /* detailsViewController.swift */; };
		F54D1B0D26B8127100C56A19 /* networkProvider.swift in Sources */ = {isa = PBXBuildFile; fileRef = F54D1B0C26B8127100C56A19 /* networkProvider.swift */; };
		F54D1B1126B8128000C56A19 /* storageProvider.swift in Sources */ = {isa = PBXBuildFile; fileRef = F54D1B1026B8128000C56A19 /* storageProvider.swift */; };
		F54D1B1626B8131300C56A19 /* RxCocoa in Frameworks */ = {isa = PBXBuildFile; productRef = F54D1B1526B8131300C56A19 /* RxCocoa */; };
		F54D1B1826B8131300C56A19 /* RxSwift in Frameworks */ = {isa = PBXBuildFile; productRef = F54D1B1726B8131300C56A19 /* RxSwift */; };
		F54D1B2126B819FD00C56A19 /* pageSegmentedController.swift in Sources */ = {isa = PBXBuildFile; fileRef = F54D1B2026B819FD00C56A19 /* pageSegmentedController.swift */; };
		F56FC9B826BAD4E600118EA8 /* cameraCell.swift in Sources */ = {isa = PBXBuildFile; fileRef = F56FC9B626BAD4E600118EA8 /* cameraCell.swift */; };
		F56FC9B926BAD4E600118EA8 /* cameraCell.xib in Resources */ = {isa = PBXBuildFile; fileRef = F56FC9B726BAD4E600118EA8 /* cameraCell.xib */; };
		F56FC9BE26BAD4FA00118EA8 /* doorCell.swift in Sources */ = {isa = PBXBuildFile; fileRef = F56FC9BC26BAD4FA00118EA8 /* doorCell.swift */; };
		F56FC9BF26BAD4FA00118EA8 /* doorCell.xib in Resources */ = {isa = PBXBuildFile; fileRef = F56FC9BD26BAD4FA00118EA8 /* doorCell.xib */; };
		F56FC9C326BADB7E00118EA8 /* RxDataSources in Frameworks */ = {isa = PBXBuildFile; productRef = F56FC9C226BADB7E00118EA8 /* RxDataSources */; };
		F56FC9C726BAF01300118EA8 /* roomCameraRealm.swift in Sources */ = {isa = PBXBuildFile; fileRef = F56FC9C626BAF01300118EA8 /* roomCameraRealm.swift */; };
		F56FC9CA26BAF03600118EA8 /* cameraRealm.swift in Sources */ = {isa = PBXBuildFile; fileRef = F56FC9C926BAF03600118EA8 /* cameraRealm.swift */; };
		F56FC9CD26BAF04C00118EA8 /* doorRealm.swift in Sources */ = {isa = PBXBuildFile; fileRef = F56FC9CC26BAF04C00118EA8 /* doorRealm.swift */; };
		F56FC9D126BAF06200118EA8 /* roomDoorRealm.swift in Sources */ = {isa = PBXBuildFile; fileRef = F56FC9D026BAF06200118EA8 /* roomDoorRealm.swift */; };
		F56FC9DA26BB2EC100118EA8 /* cameraCellModel.swift in Sources */ = {isa = PBXBuildFile; fileRef = F56FC9D926BB2EC100118EA8 /* cameraCellModel.swift */; };
		F56FC9DD26BB31C900118EA8 /* modelConverter.swift in Sources */ = {isa = PBXBuildFile; fileRef = F56FC9DC26BB31C900118EA8 /* modelConverter.swift */; };
		F56FC9E026BB31FE00118EA8 /* doorCellModel.swift in Sources */ = {isa = PBXBuildFile; fileRef = F56FC9DF26BB31FE00118EA8 /* doorCellModel.swift */; };
		F56FC9E326BB345700118EA8 /* cameraCodable.swift in Sources */ = {isa = PBXBuildFile; fileRef = F56FC9E226BB345700118EA8 /* cameraCodable.swift */; };
		F56FC9E626BB346200118EA8 /* doorCodable.swift in Sources */ = {isa = PBXBuildFile; fileRef = F56FC9E526BB346200118EA8 /* doorCodable.swift */; };
		F5791FBC26B81ECF00866641 /* Alamofire in Frameworks */ = {isa = PBXBuildFile; productRef = F5791FBB26B81ECF00866641 /* Alamofire */; };
		F5791FBF26B822A500866641 /* errorProvider.swift in Sources */ = {isa = PBXBuildFile; fileRef = F5791FBE26B822A500866641 /* errorProvider.swift */; };
		F5791FC426B82FBD00866641 /* Realm in Frameworks */ = {isa = PBXBuildFile; productRef = F5791FC326B82FBD00866641 /* Realm */; };
		F5791FC626B82FBD00866641 /* RealmSwift in Frameworks */ = {isa = PBXBuildFile; productRef = F5791FC526B82FBD00866641 /* RealmSwift */; };
		F57AC86E26B93AD500DF50B4 /* APIRouter.swift in Sources */ = {isa = PBXBuildFile; fileRef = F57AC86D26B93AD500DF50B4 /* APIRouter.swift */; };
		F5B8D66626BCF74500187A25 /* cornerRadius.swift in Sources */ = {isa = PBXBuildFile; fileRef = F5B8D66526BCF74500187A25 /* cornerRadius.swift */; };
		F5B8D66D26BD050C00187A25 /* customTableView.swift in Sources */ = {isa = PBXBuildFile; fileRef = F5B8D66C26BD050C00187A25 /* customTableView.swift */; };
		F5D3848D26BB40A200C4007F /* cameraSectionModel.swift in Sources */ = {isa = PBXBuildFile; fileRef = F5D3848C26BB40A200C4007F /* cameraSectionModel.swift */; };
		F5D3849026BB40AF00C4007F /* doorSectionModel.swift in Sources */ = {isa = PBXBuildFile; fileRef = F5D3848F26BB40AF00C4007F /* doorSectionModel.swift */; };
		F5D4880126B7DE02003D2CC0 /* AppDelegate.swift in Sources */ = {isa = PBXBuildFile; fileRef = F5D4880026B7DE02003D2CC0 /* AppDelegate.swift */; };
		F5D4880326B7DE02003D2CC0 /* SceneDelegate.swift in Sources */ = {isa = PBXBuildFile; fileRef = F5D4880226B7DE02003D2CC0 /* SceneDelegate.swift */; };
		F5D4880826B7DE02003D2CC0 /* main.storyboard in Resources */ = {isa = PBXBuildFile; fileRef = F5D4880626B7DE02003D2CC0 /* main.storyboard */; };
		F5D4880A26B7DE03003D2CC0 /* Assets.xcassets in Resources */ = {isa = PBXBuildFile; fileRef = F5D4880926B7DE03003D2CC0 /* Assets.xcassets */; };
		F5D4880D26B7DE03003D2CC0 /* LaunchScreen.storyboard in Resources */ = {isa = PBXBuildFile; fileRef = F5D4880B26B7DE03003D2CC0 /* LaunchScreen.storyboard */; };
		F5D4881626B7E09C003D2CC0 /* configs.swift in Sources */ = {isa = PBXBuildFile; fileRef = F5D4881526B7E09C003D2CC0 /* configs.swift */; };
		F5E9DA7926BABFA500BF70C7 /* extensionUIView.swift in Sources */ = {isa = PBXBuildFile; fileRef = F5E9DA7826BABFA500BF70C7 /* extensionUIView.swift */; };
/* End PBXBuildFile section */

/* Begin PBXFileReference section */
		F513249126BA7B81006CCD0E /* pagesView.swift */ = {isa = PBXFileReference; lastKnownFileType = sourcecode.swift; path = pagesView.swift; sourceTree = "<group>"; };
		F54D1AF126B808AF00C56A19 /* homeViewController.swift */ = {isa = PBXFileReference; lastKnownFileType = sourcecode.swift; path = homeViewController.swift; sourceTree = "<group>"; };
		F54D1AF926B80CC900C56A19 /* detailsViewController.swift */ = {isa = PBXFileReference; lastKnownFileType = sourcecode.swift; path = detailsViewController.swift; sourceTree = "<group>"; };
		F54D1B0C26B8127100C56A19 /* networkProvider.swift */ = {isa = PBXFileReference; lastKnownFileType = sourcecode.swift; path = networkProvider.swift; sourceTree = "<group>"; };
		F54D1B1026B8128000C56A19 /* storageProvider.swift */ = {isa = PBXFileReference; lastKnownFileType = sourcecode.swift; path = storageProvider.swift; sourceTree = "<group>"; };
		F54D1B2026B819FD00C56A19 /* pageSegmentedController.swift */ = {isa = PBXFileReference; lastKnownFileType = sourcecode.swift; path = pageSegmentedController.swift; sourceTree = "<group>"; };
		F56FC9B626BAD4E600118EA8 /* cameraCell.swift */ = {isa = PBXFileReference; lastKnownFileType = sourcecode.swift; path = cameraCell.swift; sourceTree = "<group>"; };
		F56FC9B726BAD4E600118EA8 /* cameraCell.xib */ = {isa = PBXFileReference; lastKnownFileType = file.xib; path = cameraCell.xib; sourceTree = "<group>"; };
		F56FC9BC26BAD4FA00118EA8 /* doorCell.swift */ = {isa = PBXFileReference; lastKnownFileType = sourcecode.swift; path = doorCell.swift; sourceTree = "<group>"; };
		F56FC9BD26BAD4FA00118EA8 /* doorCell.xib */ = {isa = PBXFileReference; lastKnownFileType = file.xib; path = doorCell.xib; sourceTree = "<group>"; };
		F56FC9C626BAF01300118EA8 /* roomCameraRealm.swift */ = {isa = PBXFileReference; lastKnownFileType = sourcecode.swift; path = roomCameraRealm.swift; sourceTree = "<group>"; };
		F56FC9C926BAF03600118EA8 /* cameraRealm.swift */ = {isa = PBXFileReference; lastKnownFileType = sourcecode.swift; path = cameraRealm.swift; sourceTree = "<group>"; };
		F56FC9CC26BAF04C00118EA8 /* doorRealm.swift */ = {isa = PBXFileReference; lastKnownFileType = sourcecode.swift; path = doorRealm.swift; sourceTree = "<group>"; };
		F56FC9D026BAF06200118EA8 /* roomDoorRealm.swift */ = {isa = PBXFileReference; lastKnownFileType = sourcecode.swift; path = roomDoorRealm.swift; sourceTree = "<group>"; };
		F56FC9D926BB2EC100118EA8 /* cameraCellModel.swift */ = {isa = PBXFileReference; lastKnownFileType = sourcecode.swift; path = cameraCellModel.swift; sourceTree = "<group>"; };
		F56FC9DC26BB31C900118EA8 /* modelConverter.swift */ = {isa = PBXFileReference; lastKnownFileType = sourcecode.swift; path = modelConverter.swift; sourceTree = "<group>"; };
		F56FC9DF26BB31FE00118EA8 /* doorCellModel.swift */ = {isa = PBXFileReference; lastKnownFileType = sourcecode.swift; path = doorCellModel.swift; sourceTree = "<group>"; };
		F56FC9E226BB345700118EA8 /* cameraCodable.swift */ = {isa = PBXFileReference; lastKnownFileType = sourcecode.swift; path = cameraCodable.swift; sourceTree = "<group>"; };
		F56FC9E526BB346200118EA8 /* doorCodable.swift */ = {isa = PBXFileReference; lastKnownFileType = sourcecode.swift; path = doorCodable.swift; sourceTree = "<group>"; };
		F5791FBE26B822A500866641 /* errorProvider.swift */ = {isa = PBXFileReference; lastKnownFileType = sourcecode.swift; path = errorProvider.swift; sourceTree = "<group>"; };
		F57AC86D26B93AD500DF50B4 /* APIRouter.swift */ = {isa = PBXFileReference; lastKnownFileType = sourcecode.swift; path = APIRouter.swift; sourceTree = "<group>"; };
		F5B8D66526BCF74500187A25 /* cornerRadius.swift */ = {isa = PBXFileReference; lastKnownFileType = sourcecode.swift; path = cornerRadius.swift; sourceTree = "<group>"; };
		F5B8D66C26BD050C00187A25 /* customTableView.swift */ = {isa = PBXFileReference; lastKnownFileType = sourcecode.swift; path = customTableView.swift; sourceTree = "<group>"; };
		F5D3848C26BB40A200C4007F /* cameraSectionModel.swift */ = {isa = PBXFileReference; lastKnownFileType = sourcecode.swift; path = cameraSectionModel.swift; sourceTree = "<group>"; };
		F5D3848F26BB40AF00C4007F /* doorSectionModel.swift */ = {isa = PBXFileReference; lastKnownFileType = sourcecode.swift; path = doorSectionModel.swift; sourceTree = "<group>"; };
		F5D487FD26B7DE02003D2CC0 /* rubetekTest.app */ = {isa = PBXFileReference; explicitFileType = wrapper.application; includeInIndex = 0; path = rubetekTest.app; sourceTree = BUILT_PRODUCTS_DIR; };
		F5D4880026B7DE02003D2CC0 /* AppDelegate.swift */ = {isa = PBXFileReference; lastKnownFileType = sourcecode.swift; path = AppDelegate.swift; sourceTree = "<group>"; };
		F5D4880226B7DE02003D2CC0 /* SceneDelegate.swift */ = {isa = PBXFileReference; lastKnownFileType = sourcecode.swift; path = SceneDelegate.swift; sourceTree = "<group>"; };
		F5D4880726B7DE02003D2CC0 /* Base */ = {isa = PBXFileReference; lastKnownFileType = file.storyboard; name = Base; path = Base.lproj/main.storyboard; sourceTree = "<group>"; };
		F5D4880926B7DE03003D2CC0 /* Assets.xcassets */ = {isa = PBXFileReference; lastKnownFileType = folder.assetcatalog; path = Assets.xcassets; sourceTree = "<group>"; };
		F5D4880C26B7DE03003D2CC0 /* Base */ = {isa = PBXFileReference; lastKnownFileType = file.storyboard; name = Base; path = Base.lproj/LaunchScreen.storyboard; sourceTree = "<group>"; };
		F5D4880E26B7DE03003D2CC0 /* Info.plist */ = {isa = PBXFileReference; lastKnownFileType = text.plist.xml; path = Info.plist; sourceTree = "<group>"; };
		F5D4881526B7E09C003D2CC0 /* configs.swift */ = {isa = PBXFileReference; lastKnownFileType = sourcecode.swift; path = configs.swift; sourceTree = "<group>"; };
		F5E9DA7826BABFA500BF70C7 /* extensionUIView.swift */ = {isa = PBXFileReference; lastKnownFileType = sourcecode.swift; path = extensionUIView.swift; sourceTree = "<group>"; };
/* End PBXFileReference section */

/* Begin PBXFrameworksBuildPhase section */
		F5D487FA26B7DE02003D2CC0 /* Frameworks */ = {
			isa = PBXFrameworksBuildPhase;
			buildActionMask = 2147483647;
			files = (
				F5791FBC26B81ECF00866641 /* Alamofire in Frameworks */,
				F54D1B1826B8131300C56A19 /* RxSwift in Frameworks */,
				F5791FC426B82FBD00866641 /* Realm in Frameworks */,
				F56FC9C326BADB7E00118EA8 /* RxDataSources in Frameworks */,
				F5791FC626B82FBD00866641 /* RealmSwift in Frameworks */,
				F54D1B1626B8131300C56A19 /* RxCocoa in Frameworks */,
			);
			runOnlyForDeploymentPostprocessing = 0;
		};
/* End PBXFrameworksBuildPhase section */

/* Begin PBXGroup section */
		F54D1AF526B80C8B00C56A19 /* Details */ = {
			isa = PBXGroup;
			children = (
				F54D1AF926B80CC900C56A19 /* detailsViewController.swift */,
				F54D1AF826B80CA900C56A19 /* model */,
			);
			path = Details;
			sourceTree = "<group>";
		};
		F54D1AF826B80CA900C56A19 /* model */ = {
			isa = PBXGroup;
			children = (
			);
			path = model;
			sourceTree = "<group>";
		};
		F54D1B0126B8108200C56A19 /* Providers */ = {
			isa = PBXGroup;
			children = (
				F56FC9DC26BB31C900118EA8 /* modelConverter.swift */,
				F57AC87126B93B8200DF50B4 /* Error */,
				F57AC87026B93B7100DF50B4 /* Storage */,
				F54D1B0B26B8125B00C56A19 /* Network */,
			);
			path = Providers;
			sourceTree = "<group>";
		};
		F54D1B0B26B8125B00C56A19 /* Network */ = {
			isa = PBXGroup;
			children = (
				F56FC9E926BB349C00118EA8 /* Models */,
				F54D1B0C26B8127100C56A19 /* networkProvider.swift */,
				F57AC86D26B93AD500DF50B4 /* APIRouter.swift */,
			);
			path = Network;
			sourceTree = "<group>";
		};
		F54D1B2326B81A0500C56A19 /* UI */ = {
			isa = PBXGroup;
			children = (
				F56FC9B526BAD4CB00118EA8 /* cameraCell */,
				F56FC9B426BAD4C100118EA8 /* doorCell */,
				F54D1B2026B819FD00C56A19 /* pageSegmentedController.swift */,
				F513249126BA7B81006CCD0E /* pagesView.swift */,
				F5E9DA7826BABFA500BF70C7 /* extensionUIView.swift */,
				F5B8D66526BCF74500187A25 /* cornerRadius.swift */,
				F5B8D66C26BD050C00187A25 /* customTableView.swift */,
			);
			path = UI;
			sourceTree = "<group>";
		};
		F56FC9B426BAD4C100118EA8 /* doorCell */ = {
			isa = PBXGroup;
			children = (
				F56FC9BC26BAD4FA00118EA8 /* doorCell.swift */,
				F56FC9BD26BAD4FA00118EA8 /* doorCell.xib */,
			);
			path = doorCell;
			sourceTree = "<group>";
		};
		F56FC9B526BAD4CB00118EA8 /* cameraCell */ = {
			isa = PBXGroup;
			children = (
				F56FC9B626BAD4E600118EA8 /* cameraCell.swift */,
				F56FC9B726BAD4E600118EA8 /* cameraCell.xib */,
			);
			path = cameraCell;
			sourceTree = "<group>";
		};
		F56FC9C526BAEFE700118EA8 /* Models */ = {
			isa = PBXGroup;
			children = (
				F56FC9C926BAF03600118EA8 /* cameraRealm.swift */,
				F56FC9C626BAF01300118EA8 /* roomCameraRealm.swift */,
				F56FC9CC26BAF04C00118EA8 /* doorRealm.swift */,
				F56FC9D026BAF06200118EA8 /* roomDoorRealm.swift */,
			);
			path = Models;
			sourceTree = "<group>";
		};
		F56FC9D826BB2EA500118EA8 /* Model */ = {
			isa = PBXGroup;
			children = (
				F56FC9D926BB2EC100118EA8 /* cameraCellModel.swift */,
				F56FC9DF26BB31FE00118EA8 /* doorCellModel.swift */,
				F5D3848C26BB40A200C4007F /* cameraSectionModel.swift */,
				F5D3848F26BB40AF00C4007F /* doorSectionModel.swift */,
			);
			path = Model;
			sourceTree = "<group>";
		};
		F56FC9E926BB349C00118EA8 /* Models */ = {
			isa = PBXGroup;
			children = (
				F56FC9E226BB345700118EA8 /* cameraCodable.swift */,
				F56FC9E526BB346200118EA8 /* doorCodable.swift */,
			);
			path = Models;
			sourceTree = "<group>";
		};
		F57AC87026B93B7100DF50B4 /* Storage */ = {
			isa = PBXGroup;
			children = (
				F54D1B1026B8128000C56A19 /* storageProvider.swift */,
				F56FC9C526BAEFE700118EA8 /* Models */,
			);
			path = Storage;
			sourceTree = "<group>";
		};
		F57AC87126B93B8200DF50B4 /* Error */ = {
			isa = PBXGroup;
			children = (
				F5791FBE26B822A500866641 /* errorProvider.swift */,
			);
			name = Error;
			sourceTree = "<group>";
		};
		F5D487F426B7DE02003D2CC0 = {
			isa = PBXGroup;
			children = (
				F5D487FF26B7DE02003D2CC0 /* rubetekTest */,
				F5D487FE26B7DE02003D2CC0 /* Products */,
			);
			sourceTree = "<group>";
		};
		F5D487FE26B7DE02003D2CC0 /* Products */ = {
			isa = PBXGroup;
			children = (
				F5D487FD26B7DE02003D2CC0 /* rubetekTest.app */,
			);
			name = Products;
			sourceTree = "<group>";
		};
		F5D487FF26B7DE02003D2CC0 /* rubetekTest */ = {
			isa = PBXGroup;
			children = (
				F54D1B0126B8108200C56A19 /* Providers */,
				F5D4881E26B7E2E1003D2CC0 /* Delegate */,
				F5D4881C26B7E2CE003D2CC0 /* Screens */,
				F5D4881B26B7E2C5003D2CC0 /* Supporting files */,
				F5D4880E26B7DE03003D2CC0 /* Info.plist */,
			);
			path = rubetekTest;
			sourceTree = "<group>";
		};
		F5D4881B26B7E2C5003D2CC0 /* Supporting files */ = {
			isa = PBXGroup;
			children = (
				F54D1B2326B81A0500C56A19 /* UI */,
				F5D4880B26B7DE03003D2CC0 /* LaunchScreen.storyboard */,
				F5D4880926B7DE03003D2CC0 /* Assets.xcassets */,
				F5D4881526B7E09C003D2CC0 /* configs.swift */,
			);
			path = "Supporting files";
			sourceTree = "<group>";
		};
		F5D4881C26B7E2CE003D2CC0 /* Screens */ = {
			isa = PBXGroup;
			children = (
				F5D4880626B7DE02003D2CC0 /* main.storyboard */,
				F54D1AF526B80C8B00C56A19 /* Details */,
				F5D4882226B7E376003D2CC0 /* Home */,
			);
			path = Screens;
			sourceTree = "<group>";
		};
		F5D4881E26B7E2E1003D2CC0 /* Delegate */ = {
			isa = PBXGroup;
			children = (
				F5D4880226B7DE02003D2CC0 /* SceneDelegate.swift */,
				F5D4880026B7DE02003D2CC0 /* AppDelegate.swift */,
			);
			path = Delegate;
			sourceTree = "<group>";
		};
		F5D4882226B7E376003D2CC0 /* Home */ = {
			isa = PBXGroup;
			children = (
				F54D1AF126B808AF00C56A19 /* homeViewController.swift */,
				F56FC9D826BB2EA500118EA8 /* Model */,
			);
			path = Home;
			sourceTree = "<group>";
		};
/* End PBXGroup section */

/* Begin PBXNativeTarget section */
		F5D487FC26B7DE02003D2CC0 /* rubetekTest */ = {
			isa = PBXNativeTarget;
			buildConfigurationList = F5D4881126B7DE03003D2CC0 /* Build configuration list for PBXNativeTarget "rubetekTest" */;
			buildPhases = (
				F5D487F926B7DE02003D2CC0 /* Sources */,
				F5D487FA26B7DE02003D2CC0 /* Frameworks */,
				F5D487FB26B7DE02003D2CC0 /* Resources */,
			);
			buildRules = (
			);
			dependencies = (
			);
			name = rubetekTest;
			packageProductDependencies = (
				F54D1B1526B8131300C56A19 /* RxCocoa */,
				F54D1B1726B8131300C56A19 /* RxSwift */,
				F5791FBB26B81ECF00866641 /* Alamofire */,
				F5791FC326B82FBD00866641 /* Realm */,
				F5791FC526B82FBD00866641 /* RealmSwift */,
				F56FC9C226BADB7E00118EA8 /* RxDataSources */,
			);
			productName = rubetekTest;
			productReference = F5D487FD26B7DE02003D2CC0 /* rubetekTest.app */;
			productType = "com.apple.product-type.application";
		};
/* End PBXNativeTarget section */

/* Begin PBXProject section */
		F5D487F526B7DE02003D2CC0 /* Project object */ = {
			isa = PBXProject;
			attributes = {
				LastSwiftUpdateCheck = 1240;
				LastUpgradeCheck = 1240;
				TargetAttributes = {
					F5D487FC26B7DE02003D2CC0 = {
						CreatedOnToolsVersion = 12.4;
					};
				};
			};
			buildConfigurationList = F5D487F826B7DE02003D2CC0 /* Build configuration list for PBXProject "rubetekTest" */;
			compatibilityVersion = "Xcode 9.3";
			developmentRegion = en;
			hasScannedForEncodings = 0;
			knownRegions = (
				en,
				Base,
			);
			mainGroup = F5D487F426B7DE02003D2CC0;
			packageReferences = (
				F54D1B1426B8131300C56A19 /* XCRemoteSwiftPackageReference "RxSwift" */,
				F5791FBA26B81ECF00866641 /* XCRemoteSwiftPackageReference "Alamofire" */,
				F5791FC226B82FBD00866641 /* XCRemoteSwiftPackageReference "realm-cocoa" */,
				F56FC9C126BADB7E00118EA8 /* XCRemoteSwiftPackageReference "RxDataSources" */,
			);
			productRefGroup = F5D487FE26B7DE02003D2CC0 /* Products */;
			projectDirPath = "";
			projectRoot = "";
			targets = (
				F5D487FC26B7DE02003D2CC0 /* rubetekTest */,
			);
		};
/* End PBXProject section */

/* Begin PBXResourcesBuildPhase section */
		F5D487FB26B7DE02003D2CC0 /* Resources */ = {
			isa = PBXResourcesBuildPhase;
			buildActionMask = 2147483647;
			files = (
				F56FC9B926BAD4E600118EA8 /* cameraCell.xib in Resources */,
				F5D4880D26B7DE03003D2CC0 /* LaunchScreen.storyboard in Resources */,
				F56FC9BF26BAD4FA00118EA8 /* doorCell.xib in Resources */,
				F5D4880A26B7DE03003D2CC0 /* Assets.xcassets in Resources */,
				F5D4880826B7DE02003D2CC0 /* main.storyboard in Resources */,
			);
			runOnlyForDeploymentPostprocessing = 0;
		};
/* End PBXResourcesBuildPhase section */

/* Begin PBXSourcesBuildPhase section */
		F5D487F926B7DE02003D2CC0 /* Sources */ = {
			isa = PBXSourcesBuildPhase;
			buildActionMask = 2147483647;
			files = (
				F56FC9BE26BAD4FA00118EA8 /* doorCell.swift in Sources */,
				F56FC9C726BAF01300118EA8 /* roomCameraRealm.swift in Sources */,
				F56FC9B826BAD4E600118EA8 /* cameraCell.swift in Sources */,
				F56FC9CA26BAF03600118EA8 /* cameraRealm.swift in Sources */,
				F56FC9D126BAF06200118EA8 /* roomDoorRealm.swift in Sources */,
				F56FC9E326BB345700118EA8 /* cameraCodable.swift in Sources */,
				F5D4881626B7E09C003D2CC0 /* configs.swift in Sources */,
				F57AC86E26B93AD500DF50B4 /* APIRouter.swift in Sources */,
				F54D1B2126B819FD00C56A19 /* pageSegmentedController.swift in Sources */,
				F54D1B1126B8128000C56A19 /* storageProvider.swift in Sources */,
				F5B8D66626BCF74500187A25 /* cornerRadius.swift in Sources */,
				F5D3848D26BB40A200C4007F /* cameraSectionModel.swift in Sources */,
				F54D1B0D26B8127100C56A19 /* networkProvider.swift in Sources */,
				F54D1AF226B808AF00C56A19 /* homeViewController.swift in Sources */,
				F513249226BA7B81006CCD0E /* pagesView.swift in Sources */,
				F54D1AFB26B80CC900C56A19 /* detailsViewController.swift in Sources */,
				F5B8D66D26BD050C00187A25 /* customTableView.swift in Sources */,
				F56FC9DD26BB31C900118EA8 /* modelConverter.swift in Sources */,
				F5791FBF26B822A500866641 /* errorProvider.swift in Sources */,
				F56FC9E026BB31FE00118EA8 /* doorCellModel.swift in Sources */,
				F56FC9E626BB346200118EA8 /* doorCodable.swift in Sources */,
				F5E9DA7926BABFA500BF70C7 /* extensionUIView.swift in Sources */,
				F56FC9CD26BAF04C00118EA8 /* doorRealm.swift in Sources */,
				F5D4880126B7DE02003D2CC0 /* AppDelegate.swift in Sources */,
				F56FC9DA26BB2EC100118EA8 /* cameraCellModel.swift in Sources */,
				F5D3849026BB40AF00C4007F /* doorSectionModel.swift in Sources */,
				F5D4880326B7DE02003D2CC0 /* SceneDelegate.swift in Sources */,
			);
			runOnlyForDeploymentPostprocessing = 0;
		};
/* End PBXSourcesBuildPhase section */

/* Begin PBXVariantGroup section */
		F5D4880626B7DE02003D2CC0 /* main.storyboard */ = {
			isa = PBXVariantGroup;
			children = (
				F5D4880726B7DE02003D2CC0 /* Base */,
			);
			name = main.storyboard;
			sourceTree = "<group>";
		};
		F5D4880B26B7DE03003D2CC0 /* LaunchScreen.storyboard */ = {
			isa = PBXVariantGroup;
			children = (
				F5D4880C26B7DE03003D2CC0 /* Base */,
			);
			name = LaunchScreen.storyboard;
			sourceTree = "<group>";
		};
/* End PBXVariantGroup section */

/* Begin XCBuildConfiguration section */
		F5D4880F26B7DE03003D2CC0 /* Debug */ = {
			isa = XCBuildConfiguration;
			buildSettings = {
				ALWAYS_SEARCH_USER_PATHS = NO;
				CLANG_ANALYZER_NONNULL = YES;
				CLANG_ANALYZER_NUMBER_OBJECT_CONVERSION = YES_AGGRESSIVE;
				CLANG_CXX_LANGUAGE_STANDARD = "gnu++14";
				CLANG_CXX_LIBRARY = "libc++";
				CLANG_ENABLE_MODULES = YES;
				CLANG_ENABLE_OBJC_ARC = YES;
				CLANG_ENABLE_OBJC_WEAK = YES;
				CLANG_WARN_BLOCK_CAPTURE_AUTORELEASING = YES;
				CLANG_WARN_BOOL_CONVERSION = YES;
				CLANG_WARN_COMMA = YES;
				CLANG_WARN_CONSTANT_CONVERSION = YES;
				CLANG_WARN_DEPRECATED_OBJC_IMPLEMENTATIONS = YES;
				CLANG_WARN_DIRECT_OBJC_ISA_USAGE = YES_ERROR;
				CLANG_WARN_DOCUMENTATION_COMMENTS = YES;
				CLANG_WARN_EMPTY_BODY = YES;
				CLANG_WARN_ENUM_CONVERSION = YES;
				CLANG_WARN_INFINITE_RECURSION = YES;
				CLANG_WARN_INT_CONVERSION = YES;
				CLANG_WARN_NON_LITERAL_NULL_CONVERSION = YES;
				CLANG_WARN_OBJC_IMPLICIT_RETAIN_SELF = YES;
				CLANG_WARN_OBJC_LITERAL_CONVERSION = YES;
				CLANG_WARN_OBJC_ROOT_CLASS = YES_ERROR;
				CLANG_WARN_QUOTED_INCLUDE_IN_FRAMEWORK_HEADER = YES;
				CLANG_WARN_RANGE_LOOP_ANALYSIS = YES;
				CLANG_WARN_STRICT_PROTOTYPES = YES;
				CLANG_WARN_SUSPICIOUS_MOVE = YES;
				CLANG_WARN_UNGUARDED_AVAILABILITY = YES_AGGRESSIVE;
				CLANG_WARN_UNREACHABLE_CODE = YES;
				CLANG_WARN__DUPLICATE_METHOD_MATCH = YES;
				COPY_PHASE_STRIP = NO;
				DEBUG_INFORMATION_FORMAT = dwarf;
				ENABLE_STRICT_OBJC_MSGSEND = YES;
				ENABLE_TESTABILITY = YES;
				GCC_C_LANGUAGE_STANDARD = gnu11;
				GCC_DYNAMIC_NO_PIC = NO;
				GCC_NO_COMMON_BLOCKS = YES;
				GCC_OPTIMIZATION_LEVEL = 0;
				GCC_PREPROCESSOR_DEFINITIONS = (
					"DEBUG=1",
					"$(inherited)",
				);
				GCC_WARN_64_TO_32_BIT_CONVERSION = YES;
				GCC_WARN_ABOUT_RETURN_TYPE = YES_ERROR;
				GCC_WARN_UNDECLARED_SELECTOR = YES;
				GCC_WARN_UNINITIALIZED_AUTOS = YES_AGGRESSIVE;
				GCC_WARN_UNUSED_FUNCTION = YES;
				GCC_WARN_UNUSED_VARIABLE = YES;
				IPHONEOS_DEPLOYMENT_TARGET = 14.4;
				MTL_ENABLE_DEBUG_INFO = INCLUDE_SOURCE;
				MTL_FAST_MATH = YES;
				ONLY_ACTIVE_ARCH = YES;
				SDKROOT = iphoneos;
				SWIFT_ACTIVE_COMPILATION_CONDITIONS = DEBUG;
				SWIFT_OPTIMIZATION_LEVEL = "-Onone";
			};
			name = Debug;
		};
		F5D4881026B7DE03003D2CC0 /* Release */ = {
			isa = XCBuildConfiguration;
			buildSettings = {
				ALWAYS_SEARCH_USER_PATHS = NO;
				CLANG_ANALYZER_NONNULL = YES;
				CLANG_ANALYZER_NUMBER_OBJECT_CONVERSION = YES_AGGRESSIVE;
				CLANG_CXX_LANGUAGE_STANDARD = "gnu++14";
				CLANG_CXX_LIBRARY = "libc++";
				CLANG_ENABLE_MODULES = YES;
				CLANG_ENABLE_OBJC_ARC = YES;
				CLANG_ENABLE_OBJC_WEAK = YES;
				CLANG_WARN_BLOCK_CAPTURE_AUTORELEASING = YES;
				CLANG_WARN_BOOL_CONVERSION = YES;
				CLANG_WARN_COMMA = YES;
				CLANG_WARN_CONSTANT_CONVERSION = YES;
				CLANG_WARN_DEPRECATED_OBJC_IMPLEMENTATIONS = YES;
				CLANG_WARN_DIRECT_OBJC_ISA_USAGE = YES_ERROR;
				CLANG_WARN_DOCUMENTATION_COMMENTS = YES;
				CLANG_WARN_EMPTY_BODY = YES;
				CLANG_WARN_ENUM_CONVERSION = YES;
				CLANG_WARN_INFINITE_RECURSION = YES;
				CLANG_WARN_INT_CONVERSION = YES;
				CLANG_WARN_NON_LITERAL_NULL_CONVERSION = YES;
				CLANG_WARN_OBJC_IMPLICIT_RETAIN_SELF = YES;
				CLANG_WARN_OBJC_LITERAL_CONVERSION = YES;
				CLANG_WARN_OBJC_ROOT_CLASS = YES_ERROR;
				CLANG_WARN_QUOTED_INCLUDE_IN_FRAMEWORK_HEADER = YES;
				CLANG_WARN_RANGE_LOOP_ANALYSIS = YES;
				CLANG_WARN_STRICT_PROTOTYPES = YES;
				CLANG_WARN_SUSPICIOUS_MOVE = YES;
				CLANG_WARN_UNGUARDED_AVAILABILITY = YES_AGGRESSIVE;
				CLANG_WARN_UNREACHABLE_CODE = YES;
				CLANG_WARN__DUPLICATE_METHOD_MATCH = YES;
				COPY_PHASE_STRIP = NO;
				DEBUG_INFORMATION_FORMAT = "dwarf-with-dsym";
				ENABLE_NS_ASSERTIONS = NO;
				ENABLE_STRICT_OBJC_MSGSEND = YES;
				GCC_C_LANGUAGE_STANDARD = gnu11;
				GCC_NO_COMMON_BLOCKS = YES;
				GCC_WARN_64_TO_32_BIT_CONVERSION = YES;
				GCC_WARN_ABOUT_RETURN_TYPE = YES_ERROR;
				GCC_WARN_UNDECLARED_SELECTOR = YES;
				GCC_WARN_UNINITIALIZED_AUTOS = YES_AGGRESSIVE;
				GCC_WARN_UNUSED_FUNCTION = YES;
				GCC_WARN_UNUSED_VARIABLE = YES;
				IPHONEOS_DEPLOYMENT_TARGET = 14.4;
				MTL_ENABLE_DEBUG_INFO = NO;
				MTL_FAST_MATH = YES;
				SDKROOT = iphoneos;
				SWIFT_COMPILATION_MODE = wholemodule;
				SWIFT_OPTIMIZATION_LEVEL = "-O";
				VALIDATE_PRODUCT = YES;
			};
			name = Release;
		};
		F5D4881226B7DE03003D2CC0 /* Debug */ = {
			isa = XCBuildConfiguration;
			buildSettings = {
				ASSETCATALOG_COMPILER_APPICON_NAME = AppIcon;
				ASSETCATALOG_COMPILER_GLOBAL_ACCENT_COLOR_NAME = AccentColor;
				CODE_SIGN_STYLE = Automatic;
				DEVELOPMENT_TEAM = 5XX5CN4AGT;
				INFOPLIST_FILE = rubetekTest/Info.plist;
				LD_RUNPATH_SEARCH_PATHS = (
					"$(inherited)",
					"@executable_path/Frameworks",
				);
				PRODUCT_BUNDLE_IDENTIFIER = rubetek.rubetekTest;
				PRODUCT_NAME = "$(TARGET_NAME)";
				SWIFT_VERSION = 5.0;
				TARGETED_DEVICE_FAMILY = "1,2";
			};
			name = Debug;
		};
		F5D4881326B7DE03003D2CC0 /* Release */ = {
			isa = XCBuildConfiguration;
			buildSettings = {
				ASSETCATALOG_COMPILER_APPICON_NAME = AppIcon;
				ASSETCATALOG_COMPILER_GLOBAL_ACCENT_COLOR_NAME = AccentColor;
				CODE_SIGN_STYLE = Automatic;
				DEVELOPMENT_TEAM = 5XX5CN4AGT;
				INFOPLIST_FILE = rubetekTest/Info.plist;
				LD_RUNPATH_SEARCH_PATHS = (
					"$(inherited)",
					"@executable_path/Frameworks",
				);
				PRODUCT_BUNDLE_IDENTIFIER = rubetek.rubetekTest;
				PRODUCT_NAME = "$(TARGET_NAME)";
				SWIFT_VERSION = 5.0;
				TARGETED_DEVICE_FAMILY = "1,2";
			};
			name = Release;
		};
/* End XCBuildConfiguration section */

/* Begin XCConfigurationList section */
		F5D487F826B7DE02003D2CC0 /* Build configuration list for PBXProject "rubetekTest" */ = {
			isa = XCConfigurationList;
			buildConfigurations = (
				F5D4880F26B7DE03003D2CC0 /* Debug */,
				F5D4881026B7DE03003D2CC0 /* Release */,
			);
			defaultConfigurationIsVisible = 0;
			defaultConfigurationName = Release;
		};
		F5D4881126B7DE03003D2CC0 /* Build configuration list for PBXNativeTarget "rubetekTest" */ = {
			isa = XCConfigurationList;
			buildConfigurations = (
				F5D4881226B7DE03003D2CC0 /* Debug */,
				F5D4881326B7DE03003D2CC0 /* Release */,
			);
			defaultConfigurationIsVisible = 0;
			defaultConfigurationName = Release;
		};
/* End XCConfigurationList section */

/* Begin XCRemoteSwiftPackageReference section */
		F54D1B1426B8131300C56A19 /* XCRemoteSwiftPackageReference "RxSwift" */ = {
			isa = XCRemoteSwiftPackageReference;
			repositoryURL = "https://github.com/ReactiveX/RxSwift";
			requirement = {
				kind = upToNextMajorVersion;
				minimumVersion = 6.2.0;
			};
		};
		F56FC9C126BADB7E00118EA8 /* XCRemoteSwiftPackageReference "RxDataSources" */ = {
			isa = XCRemoteSwiftPackageReference;
			repositoryURL = "https://github.com/RxSwiftCommunity/RxDataSources";
			requirement = {
				kind = upToNextMajorVersion;
				minimumVersion = 5.0.1;
			};
		};
		F5791FBA26B81ECF00866641 /* XCRemoteSwiftPackageReference "Alamofire" */ = {
			isa = XCRemoteSwiftPackageReference;
			repositoryURL = "https://github.com/Alamofire/Alamofire";
			requirement = {
				kind = upToNextMajorVersion;
				minimumVersion = 5.4.3;
			};
		};
		F5791FC226B82FBD00866641 /* XCRemoteSwiftPackageReference "realm-cocoa" */ = {
			isa = XCRemoteSwiftPackageReference;
			repositoryURL = "https://github.com/realm/realm-cocoa";
			requirement = {
				kind = upToNextMajorVersion;
				minimumVersion = 10.11.0;
			};
		};
/* End XCRemoteSwiftPackageReference section */

/* Begin XCSwiftPackageProductDependency section */
		F54D1B1526B8131300C56A19 /* RxCocoa */ = {
			isa = XCSwiftPackageProductDependency;
			package = F54D1B1426B8131300C56A19 /* XCRemoteSwiftPackageReference "RxSwift" */;
			productName = RxCocoa;
		};
		F54D1B1726B8131300C56A19 /* RxSwift */ = {
			isa = XCSwiftPackageProductDependency;
			package = F54D1B1426B8131300C56A19 /* XCRemoteSwiftPackageReference "RxSwift" */;
			productName = RxSwift;
		};
		F56FC9C226BADB7E00118EA8 /* RxDataSources */ = {
			isa = XCSwiftPackageProductDependency;
			package = F56FC9C126BADB7E00118EA8 /* XCRemoteSwiftPackageReference "RxDataSources" */;
			productName = RxDataSources;
		};
		F5791FBB26B81ECF00866641 /* Alamofire */ = {
			isa = XCSwiftPackageProductDependency;
			package = F5791FBA26B81ECF00866641 /* XCRemoteSwiftPackageReference "Alamofire" */;
			productName = Alamofire;
		};
		F5791FC326B82FBD00866641 /* Realm */ = {
			isa = XCSwiftPackageProductDependency;
			package = F5791FC226B82FBD00866641 /* XCRemoteSwiftPackageReference "realm-cocoa" */;
			productName = Realm;
		};
		F5791FC526B82FBD00866641 /* RealmSwift */ = {
			isa = XCSwiftPackageProductDependency;
			package = F5791FC226B82FBD00866641 /* XCRemoteSwiftPackageReference "realm-cocoa" */;
			productName = RealmSwift;
		};
/* End XCSwiftPackageProductDependency section */
	};
	rootObject = F5D487F526B7DE02003D2CC0 /* Project object */;
}
